
Microsoft Visual Studio Solution File, Format Version 12.00
# Visual Studio Version 17
VisualStudioVersion = 17.8.34316.72
MinimumVisualStudioVersion = 10.0.40219.1
Project("{FAE04EC0-301F-11D3-BF4B-00C04F79EFBC}") = "SistemaLogin", "SistemaLogin.csproj", "{1D482CCC-BF14-425A-B7B3-A62BCD95CCCD}"
EndProject
Global
	GlobalSection(SolutionConfigurationPlatforms) = preSolution
		Debug|Any CPU = Debug|Any CPU
		Release|Any CPU = Release|Any CPU
	EndGlobalSection
	GlobalSection(ProjectConfigurationPlatforms) = postSolution
		{1D482CCC-BF14-425A-B7B3-A62BCD95CCCD}.Debug|Any CPU.ActiveCfg = Debug|Any CPU
		{1D482CCC-BF14-425A-B7B3-A62BCD95CCCD}.Debug|Any CPU.Build.0 = Debug|Any CPU
		{1D482CCC-BF14-425A-B7B3-A62BCD95CCCD}.Release|Any CPU.ActiveCfg = Release|Any CPU
		{1D482CCC-BF14-425A-B7B3-A62BCD95CCCD}.Release|Any CPU.Build.0 = Release|Any CPU
	EndGlobalSection
	GlobalSection(SolutionProperties) = preSolution
		HideSolutionNode = FALSE
	EndGlobalSection
	GlobalSection(ExtensibilityGlobals) = postSolution
		SolutionGuid = {A59310F3-F209-4B37-BB2C-C2132FF47FE7}
	EndGlobalSection
EndGlobal
